
Microsoft Visual Studio Solution File, Format Version 12.00
# Visual Studio 2012
Project("{FAE04EC0-301F-11D3-BF4B-00C04F79EFBC}") = "KST_MuhammadBilalHardiansyah", "KST_MuhammadBilalHardiansyah\KST_MuhammadBilalHardiansyah.csproj", "{B684D57B-637C-4A0C-88E8-C3E24270F7F0}"
EndProject
Global
	GlobalSection(SolutionConfigurationPlatforms) = preSolution
		Debug|Any CPU = Debug|Any CPU
		Release|Any CPU = Release|Any CPU
	EndGlobalSection
	GlobalSection(ProjectConfigurationPlatforms) = postSolution
		{B684D57B-637C-4A0C-88E8-C3E24270F7F0}.Debug|Any CPU.ActiveCfg = Debug|Any CPU
		{B684D57B-637C-4A0C-88E8-C3E24270F7F0}.Debug|Any CPU.Build.0 = Debug|Any CPU
		{B684D57B-637C-4A0C-88E8-C3E24270F7F0}.Release|Any CPU.ActiveCfg = Release|Any CPU
		{B684D57B-637C-4A0C-88E8-C3E24270F7F0}.Release|Any CPU.Build.0 = Release|Any CPU
	EndGlobalSection
	GlobalSection(SolutionProperties) = preSolution
		HideSolutionNode = FALSE
	EndGlobalSection
EndGlobal
